
Microsoft Visual Studio Solution File, Format Version 12.00
# Visual Studio Version 17
VisualStudioVersion = 17.7.34302.85
MinimumVisualStudioVersion = 10.0.40219.1
Project("{FAE04EC0-301F-11D3-BF4B-00C04F79EFBC}") = "TargetingIssue", "TargetingIssue\TargetingIssue.csproj", "{1D8F3E2F-0C6A-4C4E-9899-5D1A1E5514B8}"
EndProject
Project("{FAE04EC0-301F-11D3-BF4B-00C04F79EFBC}") = "TargetingIssueCore", "TargetingIssueCore\TargetingIssueCore.csproj", "{2AEAAC78-3D76-4C76-BF35-E06EE9C7E573}"
EndProject
Global
	GlobalSection(SolutionConfigurationPlatforms) = preSolution
		Debug|Any CPU = Debug|Any CPU
		Release|Any CPU = Release|Any CPU
	EndGlobalSection
	GlobalSection(ProjectConfigurationPlatforms) = postSolution
		{1D8F3E2F-0C6A-4C4E-9899-5D1A1E5514B8}.Debug|Any CPU.ActiveCfg = Debug|Any CPU
		{1D8F3E2F-0C6A-4C4E-9899-5D1A1E5514B8}.Debug|Any CPU.Build.0 = Debug|Any CPU
		{1D8F3E2F-0C6A-4C4E-9899-5D1A1E5514B8}.Release|Any CPU.ActiveCfg = Release|Any CPU
		{1D8F3E2F-0C6A-4C4E-9899-5D1A1E5514B8}.Release|Any CPU.Build.0 = Release|Any CPU
		{2AEAAC78-3D76-4C76-BF35-E06EE9C7E573}.Debug|Any CPU.ActiveCfg = Debug|Any CPU
		{2AEAAC78-3D76-4C76-BF35-E06EE9C7E573}.Debug|Any CPU.Build.0 = Debug|Any CPU
		{2AEAAC78-3D76-4C76-BF35-E06EE9C7E573}.Release|Any CPU.ActiveCfg = Release|Any CPU
		{2AEAAC78-3D76-4C76-BF35-E06EE9C7E573}.Release|Any CPU.Build.0 = Release|Any CPU
	EndGlobalSection
	GlobalSection(SolutionProperties) = preSolution
		HideSolutionNode = FALSE
	EndGlobalSection
	GlobalSection(ExtensibilityGlobals) = postSolution
		SolutionGuid = {A70CD72C-B693-4A62-A687-EFB505877851}
	EndGlobalSection
EndGlobal
